// !$*UTF8*$!
{
	archiveVersion = 1;
	classes = {
	};
	objectVersion = 46;
	objects = {

/* Begin PBXBuildFile section */
		981DA3A41ED677F000A58868 /* AppDelegate.swift in Sources */ = {isa = PBXBuildFile; fileRef = 981DA3A31ED677F000A58868 /* AppDelegate.swift */; };
		981DA3A61ED677F000A58868 /* ViewController.swift in Sources */ = {isa = PBXBuildFile; fileRef = 981DA3A51ED677F000A58868 /* ViewController.swift */; };
		981DA3A91ED677F100A58868 /* Main.storyboard in Resources */ = {isa = PBXBuildFile; fileRef = 981DA3A71ED677F100A58868 /* Main.storyboard */; };
		981DA3AB1ED677F100A58868 /* Assets.xcassets in Resources */ = {isa = PBXBuildFile; fileRef = 981DA3AA1ED677F100A58868 /* Assets.xcassets */; };
		981DA3AE1ED677F100A58868 /* LaunchScreen.storyboard in Resources */ = {isa = PBXBuildFile; fileRef = 981DA3AC1ED677F100A58868 /* LaunchScreen.storyboard */; };
/* End PBXBuildFile section */

/* Begin PBXFileReference section */
		981DA3A01ED677F000A58868 /* TestSnapKit.app */ = {isa = PBXFileReference; explicitFileType = wrapper.application; includeInIndex = 0; path = TestSnapKit.app; sourceTree = BUILT_PRODUCTS_DIR; };
		981DA3A31ED677F000A58868 /* AppDelegate.swift */ = {isa = PBXFileReference; lastKnownFileType = sourcecode.swift; path = AppDelegate.swift; sourceTree = "<group>"; };
		981DA3A51ED677F000A58868 /* ViewController.swift */ = {isa = PBXFileReference; lastKnownFileType = sourcecode.swift; path = ViewController.swift; sourceTree = "<group>"; };
		981DA3A81ED677F100A58868 /* Base */ = {isa = PBXFileReference; lastKnownFileType = file.storyboard; name = Base; path = Base.lproj/Main.storyboard; sourceTree = "<group>"; };
		981DA3AA1ED677F100A58868 /* Assets.xcassets */ = {isa = PBXFileReference; lastKnownFileType = folder.assetcatalog; path = Assets.xcassets; sourceTree = "<group>"; };
		981DA3AD1ED677F100A58868 /* Base */ = {isa = PBXFileReference; lastKnownFileType = file.storyboard; name = Base; path = Base.lproj/LaunchScreen.storyboard; sourceTree = "<group>"; };
		981DA3AF1ED677F100A58868 /* Info.plist */ = {isa = PBXFileReference; lastKnownFileType = text.plist.xml; path = Info.plist; sourceTree = "<group>"; };
/* End PBXFileReference section */

/* Begin PBXFrameworksBuildPhase section */
		981DA39D1ED677F000A58868 /* Frameworks */ = {
			isa = PBXFrameworksBuildPhase;
			buildActionMask = 2147483647;
			files = (
			);
			runOnlyForDeploymentPostprocessing = 0;
		};
/* End PBXFrameworksBuildPhase section */

/* Begin PBXGroup section */
		981DA3971ED677F000A58868 = {
			isa = PBXGroup;
			children = (
				981DA3A21ED677F000A58868 /* TestSnapKit */,
				981DA3A11ED677F000A58868 /* Products */,
			);
			sourceTree = "<group>";
		};
		981DA3A11ED677F000A58868 /* Products */ = {
			isa = PBXGroup;
			children = (
				981DA3A01ED677F000A58868 /* TestSnapKit.app */,
			);
			name = Products;
			sourceTree = "<group>";
		};
		981DA3A21ED677F000A58868 /* TestSnapKit */ = {
			isa = PBXGroup;
			children = (
				981DA3A31ED677F000A58868 /* AppDelegate.swift */,
				981DA3A51ED677F000A58868 /* ViewController.swift */,
				981DA3A71ED677F100A58868 /* Main.storyboard */,
				981DA3AA1ED677F100A58868 /* Assets.xcassets */,
				981DA3AC1ED677F100A58868 /* LaunchScreen.storyboard */,
				981DA3AF1ED677F100A58868 /* Info.plist */,
			);
			path = TestSnapKit;
			sourceTree = "<group>";
		};
/* End PBXGroup section */

/* Begin PBXNativeTarget section */
		981DA39F1ED677F000A58868 /* TestSnapKit */ = {
			isa = PBXNativeTarget;
			buildConfigurationList = 981DA3B21ED677F100A58868 /* Build configuration list for PBXNativeTarget "TestSnapKit" */;
			buildPhases = (
				981DA39C1ED677F000A58868 /* Sources */,
				981DA39D1ED677F000A58868 /* Frameworks */,
				981DA39E1ED677F000A58868 /* Resources */,
			);
			buildRules = (
			);
			dependencies = (
			);
			name = TestSnapKit;
			productName = TestSnapKit;
			productReference = 981DA3A01ED677F000A58868 /* TestSnapKit.app */;
			productType = "com.apple.product-type.application";
		};
/* End PBXNativeTarget section */

/* Begin PBXProject section */
		981DA3981ED677F000A58868 /* Project object */ = {
			isa = PBXProject;
			attributes = {
				LastSwiftUpdateCheck = 0830;
				LastUpgradeCheck = 0830;
				ORGANIZATIONNAME = "Jack Ngai";
				TargetAttributes = {
					981DA39F1ED677F000A58868 = {
						CreatedOnToolsVersion = 8.3.2;
						DevelopmentTeam = 56SGSJ5YCY;
						ProvisioningStyle = Automatic;
					};
				};
			};
			buildConfigurationList = 981DA39B1ED677F000A58868 /* Build configuration list for PBXProject "TestSnapKit" */;
			compatibilityVersion = "Xcode 3.2";
			developmentRegion = English;
			hasScannedForEncodings = 0;
			knownRegions = (
				en,
				Base,
			);
			mainGroup = 981DA3971ED677F000A58868;
			productRefGroup = 981DA3A11ED677F000A58868 /* Products */;
			projectDirPath = "";
			projectRoot = "";
			targets = (
				981DA39F1ED677F000A58868 /* TestSnapKit */,
			);
		};
/* End PBXProject section */

/* Begin PBXResourcesBuildPhase section */
		981DA39E1ED677F000A58868 /* Resources */ = {
			isa = PBXResourcesBuildPhase;
			buildActionMask = 2147483647;
			files = (
				981DA3AE1ED677F100A58868 /* LaunchScreen.storyboard in Resources */,
				981DA3AB1ED677F100A58868 /* Assets.xcassets in Resources */,
				981DA3A91ED677F100A58868 /* Main.storyboard in Resources */,
			);
			runOnlyForDeploymentPostprocessing = 0;
		};
/* End PBXResourcesBuildPhase section */

/* Begin PBXSourcesBuildPhase section */
		981DA39C1ED677F000A58868 /* Sources */ = {
			isa = PBXSourcesBuildPhase;
			buildActionMask = 2147483647;
			files = (
				981DA3A61ED677F000A58868 /* ViewController.swift in Sources */,
				981DA3A41ED677F000A58868 /* AppDelegate.swift in Sources */,
			);
			runOnlyForDeploymentPostprocessing = 0;
		};
/* End PBXSourcesBuildPhase section */

/* Begin PBXVariantGroup section */
		981DA3A71ED677F100A58868 /* Main.storyboard */ = {
			isa = PBXVariantGroup;
			children = (
				981DA3A81ED677F100A58868 /* Base */,
			);
			name = Main.storyboard;
			sourceTree = "<group>";
		};
		981DA3AC1ED677F100A58868 /* LaunchScreen.storyboard */ = {
			isa = PBXVariantGroup;
			children = (
				981DA3AD1ED677F100A58868 /* Base */,
			);
			name = LaunchScreen.storyboard;
			sourceTree = "<group>";
		};
/* End PBXVariantGroup section */

/* Begin XCBuildConfiguration section */
		981DA3B01ED677F100A58868 /* Debug */ = {
			isa = XCBuildConfiguration;
			buildSettings = {
				ALWAYS_SEARCH_USER_PATHS = NO;
				CLANG_ANALYZER_NONNULL = YES;
				CLANG_ANALYZER_NUMBER_OBJECT_CONVERSION = YES_AGGRESSIVE;
				CLANG_CXX_LANGUAGE_STANDARD = "gnu++0x";
				CLANG_CXX_LIBRARY = "libc++";
				CLANG_ENABLE_MODULES = YES;
				CLANG_ENABLE_OBJC_ARC = YES;
				CLANG_WARN_BOOL_CONVERSION = YES;
				CLANG_WARN_CONSTANT_CONVERSION = YES;
				CLANG_WARN_DIRECT_OBJC_ISA_USAGE = YES_ERROR;
				CLANG_WARN_DOCUMENTATION_COMMENTS = YES;
				CLANG_WARN_EMPTY_BODY = YES;
				CLANG_WARN_ENUM_CONVERSION = YES;
				CLANG_WARN_INFINITE_RECURSION = YES;
				CLANG_WARN_INT_CONVERSION = YES;
				CLANG_WARN_OBJC_ROOT_CLASS = YES_ERROR;
				CLANG_WARN_SUSPICIOUS_MOVE = YES;
				CLANG_WARN_UNREACHABLE_CODE = YES;
				CLANG_WARN__DUPLICATE_METHOD_MATCH = YES;
				"CODE_SIGN_IDENTITY[sdk=iphoneos*]" = "iPhone Developer";
				COPY_PHASE_STRIP = NO;
				DEBUG_INFORMATION_FORMAT = dwarf;
				ENABLE_STRICT_OBJC_MSGSEND = YES;
				ENABLE_TESTABILITY = YES;
				GCC_C_LANGUAGE_STANDARD = gnu99;
				GCC_DYNAMIC_NO_PIC = NO;
				GCC_NO_COMMON_BLOCKS = YES;
				GCC_OPTIMIZATION_LEVEL = 0;
				GCC_PREPROCESSOR_DEFINITIONS = (
					"DEBUG=1",
					"$(inherited)",
				);
				GCC_WARN_64_TO_32_BIT_CONVERSION = YES;
				GCC_WARN_ABOUT_RETURN_TYPE = YES_ERROR;
				GCC_WARN_UNDECLARED_SELECTOR = YES;
				GCC_WARN_UNINITIALIZED_AUTOS = YES_AGGRESSIVE;
				GCC_WARN_UNUSED_FUNCTION = YES;
				GCC_WARN_UNUSED_VARIABLE = YES;
				IPHONEOS_DEPLOYMENT_TARGET = 10.3;
				MTL_ENABLE_DEBUG_INFO = YES;
				ONLY_ACTIVE_ARCH = YES;
				SDKROOT = iphoneos;
				SWIFT_ACTIVE_COMPILATION_CONDITIONS = DEBUG;
				SWIFT_OPTIMIZATION_LEVEL = "-Onone";
				TARGETED_DEVICE_FAMILY = "1,2";
			};
			name = Debug;
		};
		981DA3B11ED677F100A58868 /* Release */ = {
			isa = XCBuildConfiguration;
			buildSettings = {
				ALWAYS_SEARCH_USER_PATHS = NO;
				CLANG_ANALYZER_NONNULL = YES;
				CLANG_ANALYZER_NUMBER_OBJECT_CONVERSION = YES_AGGRESSIVE;
				CLANG_CXX_LANGUAGE_STANDARD = "gnu++0x";
				CLANG_CXX_LIBRARY = "libc++";
				CLANG_ENABLE_MODULES = YES;
				CLANG_ENABLE_OBJC_ARC = YES;
				CLANG_WARN_BOOL_CONVERSION = YES;
				CLANG_WARN_CONSTANT_CONVERSION = YES;
				CLANG_WARN_DIRECT_OBJC_ISA_USAGE = YES_ERROR;
				CLANG_WARN_DOCUMENTATION_COMMENTS = YES;
				CLANG_WARN_EMPTY_BODY = YES;
				CLANG_WARN_ENUM_CONVERSION = YES;
				CLANG_WARN_INFINITE_RECURSION = YES;
				CLANG_WARN_INT_CONVERSION = YES;
				CLANG_WARN_OBJC_ROOT_CLASS = YES_ERROR;
				CLANG_WARN_SUSPICIOUS_MOVE = YES;
				CLANG_WARN_UNREACHABLE_CODE = YES;
				CLANG_WARN__DUPLICATE_METHOD_MATCH = YES;
				"CODE_SIGN_IDENTITY[sdk=iphoneos*]" = "iPhone Developer";
				COPY_PHASE_STRIP = NO;
				DEBUG_INFORMATION_FORMAT = "dwarf-with-dsym";
				ENABLE_NS_ASSERTIONS = NO;
				ENABLE_STRICT_OBJC_MSGSEND = YES;
				GCC_C_LANGUAGE_STANDARD = gnu99;
				GCC_NO_COMMON_BLOCKS = YES;
				GCC_WARN_64_TO_32_BIT_CONVERSION = YES;
				GCC_WARN_ABOUT_RETURN_TYPE = YES_ERROR;
				GCC_WARN_UNDECLARED_SELECTOR = YES;
				GCC_WARN_UNINITIALIZED_AUTOS = YES_AGGRESSIVE;
				GCC_WARN_UNUSED_FUNCTION = YES;
				GCC_WARN_UNUSED_VARIABLE = YES;
				IPHONEOS_DEPLOYMENT_TARGET = 10.3;
				MTL_ENABLE_DEBUG_INFO = NO;
				SDKROOT = iphoneos;
				SWIFT_OPTIMIZATION_LEVEL = "-Owholemodule";
				TARGETED_DEVICE_FAMILY = "1,2";
				VALIDATE_PRODUCT = YES;
			};
			name = Release;
		};
		981DA3B31ED677F100A58868 /* Debug */ = {
			isa = XCBuildConfiguration;
			buildSettings = {
				ASSETCATALOG_COMPILER_APPICON_NAME = AppIcon;
				DEVELOPMENT_TEAM = 56SGSJ5YCY;
				INFOPLIST_FILE = TestSnapKit/Info.plist;
				LD_RUNPATH_SEARCH_PATHS = "$(inherited) @executable_path/Frameworks";
				PRODUCT_BUNDLE_IDENTIFIER = com.jackngai.TestSnapKit;
				PRODUCT_NAME = "$(TARGET_NAME)";
				SWIFT_VERSION = 3.0;
			};
			name = Debug;
		};
		981DA3B41ED677F100A58868 /* Release */ = {
			isa = XCBuildConfiguration;
			buildSettings = {
				ASSETCATALOG_COMPILER_APPICON_NAME = AppIcon;
				DEVELOPMENT_TEAM = 56SGSJ5YCY;
				INFOPLIST_FILE = TestSnapKit/Info.plist;
				LD_RUNPATH_SEARCH_PATHS = "$(inherited) @executable_path/Frameworks";
				PRODUCT_BUNDLE_IDENTIFIER = com.jackngai.TestSnapKit;
				PRODUCT_NAME = "$(TARGET_NAME)";
				SWIFT_VERSION = 3.0;
			};
			name = Release;
		};
/* End XCBuildConfiguration section */

/* Begin XCConfigurationList section */
		981DA39B1ED677F000A58868 /* Build configuration list for PBXProject "TestSnapKit" */ = {
			isa = XCConfigurationList;
			buildConfigurations = (
				981DA3B01ED677F100A58868 /* Debug */,
				981DA3B11ED677F100A58868 /* Release */,
			);
			defaultConfigurationIsVisible = 0;
			defaultConfigurationName = Release;
		};
		981DA3B21ED677F100A58868 /* Build configuration list for PBXNativeTarget "TestSnapKit" */ = {
			isa = XCConfigurationList;
			buildConfigurations = (
				981DA3B31ED677F100A58868 /* Debug */,
				981DA3B41ED677F100A58868 /* Release */,
			);
			defaultConfigurationIsVisible = 0;
		};
/* End XCConfigurationList section */
	};
	rootObject = 981DA3981ED677F000A58868 /* Project object */;
}
